<?xml version="1.0" encoding="utf-8"?>
<Project ToolsVersion="4.0" xmlns="http://schemas.microsoft.com/developer/msbuild/2003">
  <ItemGroup>
    <Filter Include="리소스 파일">
      <UniqueIdentifier>{67DA6AB6-F800-4c08-8B7A-83BB121AAD01}</UniqueIdentifier>
      <Extensions>rc;ico;cur;bmp;dlg;rc2;rct;bin;rgs;gif;jpg;jpeg;jpe;resx;tiff;tif;png;wav;mfcribbon-ms</Extensions>
    </Filter>
    <Filter Include="Engine">
      <UniqueIdentifier>{87e859d5-3937-46c1-8124-824ddd316a9d}</UniqueIdentifier>
    </Filter>
    <Filter Include="Main">
      <UniqueIdentifier>{ae8fbfe2-8737-4b7c-8738-fedcb945aa33}</UniqueIdentifier>
    </Filter>
    <Filter Include="Contents">
      <UniqueIdentifier>{e87ba1c4-7a87-4f26-a4b0-e1acd7ab44ef}</UniqueIdentifier>
    </Filter>
    <Filter Include="Engine\High Level Interface">
      <UniqueIdentifier>{72e05c3b-4e83-4bf1-aa75-bbbf6936b5ee}</UniqueIdentifier>
    </Filter>
    <Filter Include="Engine\Component">
      <UniqueIdentifier>{be54e5aa-90df-47a4-b696-8a9de08ed0d1}</UniqueIdentifier>
    </Filter>
    <Filter Include="Engine\Common">
      <UniqueIdentifier>{4192fca3-3830-46c4-aae1-bc04a893d289}</UniqueIdentifier>
    </Filter>
    <Filter Include="Engine\Layer">
      <UniqueIdentifier>{b85dc259-a788-4b11-ba15-f46abe539f28}</UniqueIdentifier>
    </Filter>
    <Filter Include="Contents\GameObject">
      <UniqueIdentifier>{0139f9fa-a782-4388-854d-8261021566fb}</UniqueIdentifier>
    </Filter>
    <Filter Include="Contents\Scene">
      <UniqueIdentifier>{789c465d-4bf6-448b-8588-e358ffc50008}</UniqueIdentifier>
    </Filter>
    <Filter Include="Engine\Time">
      <UniqueIdentifier>{2374a183-ac12-4310-b7c6-ea151811be66}</UniqueIdentifier>
    </Filter>
    <Filter Include="Engine\Resource">
      <UniqueIdentifier>{419f4f71-f7e3-4d2a-abac-655a2771f723}</UniqueIdentifier>
    </Filter>
    <Filter Include="Contents\Scene\TitleScene">
      <UniqueIdentifier>{0a777d42-c559-46f7-874e-aa170f86945e}</UniqueIdentifier>
    </Filter>
    <Filter Include="Engine\Component\Script">
      <UniqueIdentifier>{01dff456-5301-47b5-81d4-3939a4873ccc}</UniqueIdentifier>
    </Filter>
    <Filter Include="Core">
      <UniqueIdentifier>{d80250dd-aafb-4360-91f6-e6c405720c0b}</UniqueIdentifier>
    </Filter>
    <Filter Include="Core\Input">
      <UniqueIdentifier>{808d35b4-e1c7-4d07-a592-30778114f416}</UniqueIdentifier>
    </Filter>
    <Filter Include="Core\MemoryPool">
      <UniqueIdentifier>{cba3d83b-1109-40f9-a3eb-16528d9679ae}</UniqueIdentifier>
    </Filter>
    <Filter Include="Core\STL">
      <UniqueIdentifier>{28f63978-3bb6-4619-8e9d-bafa231f67b2}</UniqueIdentifier>
    </Filter>
    <Filter Include="Core\ObjectPool">
      <UniqueIdentifier>{1eefe37e-635a-4670-a4c0-e794c678bbb0}</UniqueIdentifier>
    </Filter>
    <Filter Include="Contents\Script">
      <UniqueIdentifier>{932a7fbf-1097-4d7b-b0ff-2c3224c5e397}</UniqueIdentifier>
    </Filter>
    <Filter Include="Contents\Manager">
      <UniqueIdentifier>{28bca61f-61ba-4e58-be11-2867fa88e2fb}</UniqueIdentifier>
    </Filter>
    <Filter Include="Contents\Manager\SceneManager">
      <UniqueIdentifier>{98bbea22-5826-454f-867b-c4c0d00b6360}</UniqueIdentifier>
    </Filter>
    <Filter Include="Core\STL\PriorityQueue">
      <UniqueIdentifier>{180ce79f-6fbb-4827-87f7-7b17072d6b14}</UniqueIdentifier>
    </Filter>
    <Filter Include="Core\STL\RedBlackTree">
      <UniqueIdentifier>{f7c5d499-1230-4536-98f2-ea7de67f59a0}</UniqueIdentifier>
    </Filter>
    <Filter Include="Core\STL\LRU_Queue">
      <UniqueIdentifier>{c36cc843-e0d8-4fad-b844-d696095cd5b9}</UniqueIdentifier>
    </Filter>
    <Filter Include="Thread">
      <UniqueIdentifier>{191ccc3d-fc4e-4ff1-942e-50d43ad91f87}</UniqueIdentifier>
    </Filter>
    <Filter Include="Contents\Manager\SoundManager">
      <UniqueIdentifier>{907bbf29-6007-418a-a1bb-3d5c0c706671}</UniqueIdentifier>
    </Filter>
    <Filter Include="DLL">
      <UniqueIdentifier>{81f427e4-14ca-473c-9573-60f8c5e0133c}</UniqueIdentifier>
    </Filter>
  </ItemGroup>
  <ItemGroup>
    <ClInclude Include="Client.h">
      <Filter>Main</Filter>
    </ClInclude>
    <ClInclude Include="framework.h">
      <Filter>Main</Filter>
    </ClInclude>
    <ClInclude Include="targetver.h">
      <Filter>Main</Filter>
    </ClInclude>
    <ClInclude Include="GameObject.h">
      <Filter>Contents\GameObject</Filter>
    </ClInclude>
    <ClInclude Include="Application.h">
      <Filter>Engine\High Level Interface</Filter>
    </ClInclude>
    <ClInclude Include="Scene.h">
      <Filter>Contents\Scene</Filter>
    </ClInclude>
    <ClInclude Include="Component.h">
      <Filter>Engine\Component</Filter>
    </ClInclude>
    <ClInclude Include="CommonInclude.h">
      <Filter>Engine\Common</Filter>
    </ClInclude>
    <ClInclude Include="Engine.h">
      <Filter>Engine\Common</Filter>
    </ClInclude>
    <ClInclude Include="Enums.h">
      <Filter>Engine\Common</Filter>
    </ClInclude>
    <ClInclude Include="Math.h">
      <Filter>Engine\Common</Filter>
    </ClInclude>
    <ClInclude Include="Entity.h">
      <Filter>Engine\Common</Filter>
    </ClInclude>
    <ClInclude Include="Layer.h">
      <Filter>Engine\Layer</Filter>
    </ClInclude>
    <ClInclude Include="Time.h">
      <Filter>Engine\Time</Filter>
    </ClInclude>
    <ClInclude Include="Input.h">
      <Filter>Core\Input</Filter>
    </ClInclude>
    <ClInclude Include="Resources.h">
      <Filter>Engine\Resource</Filter>
    </ClInclude>
    <ClInclude Include="My_Resource.h">
      <Filter>Engine\Resource</Filter>
    </ClInclude>
    <ClInclude Include="resource.h">
      <Filter>Main</Filter>
    </ClInclude>
    <ClInclude Include="Image.h">
      <Filter>Engine\Resource</Filter>
    </ClInclude>
    <ClInclude Include="TitleScene.h">
      <Filter>Contents\Scene\TitleScene</Filter>
    </ClInclude>
    <ClInclude Include="Rectangle.h">
      <Filter>Contents\GameObject</Filter>
    </ClInclude>
    <ClInclude Include="Animation.h">
      <Filter>Engine\Component</Filter>
    </ClInclude>
    <ClInclude Include="Animator.h">
      <Filter>Engine\Component</Filter>
    </ClInclude>
    <ClInclude Include="Audio.h">
      <Filter>Engine\Component</Filter>
    </ClInclude>
    <ClInclude Include="Collider.h">
      <Filter>Engine\Component</Filter>
    </ClInclude>
    <ClInclude Include="SpriteRenderer.h">
      <Filter>Engine\Component</Filter>
    </ClInclude>
    <ClInclude Include="Transform.h">
      <Filter>Engine\Component</Filter>
    </ClInclude>
    <ClInclude Include="Camera.h">
      <Filter>Core</Filter>
    </ClInclude>
    <ClInclude Include="Rigidbody.h">
      <Filter>Engine\Component</Filter>
    </ClInclude>
    <ClInclude Include="ColliderManager.h">
      <Filter>Engine\Component</Filter>
    </ClInclude>
    <ClInclude Include="Script.h">
      <Filter>Engine\Component\Script</Filter>
    </ClInclude>
    <ClInclude Include="ObjectPool.h">
      <Filter>Core\ObjectPool</Filter>
    </ClInclude>
    <ClInclude Include="SceneManager.h">
      <Filter>Contents\Manager\SceneManager</Filter>
    </ClInclude>
    <ClInclude Include="LRU_Queue.h">
      <Filter>Core\STL\LRU_Queue</Filter>
    </ClInclude>
    <ClInclude Include="PriorityQueue.h">
      <Filter>Core\STL\PriorityQueue</Filter>
    </ClInclude>
    <ClInclude Include="RBT.h">
      <Filter>Core\STL\RedBlackTree</Filter>
    </ClInclude>
    <ClInclude Include="ResourceDeleterThread.h">
      <Filter>Thread</Filter>
    </ClInclude>
    <ClInclude Include="Sound.h">
      <Filter>Engine\Resource</Filter>
    </ClInclude>
    <ClInclude Include="SoundManager.h">
      <Filter>Contents\Manager\SoundManager</Filter>
    </ClInclude>
    <ClInclude Include="Skill.h" />
    <ClInclude Include="FileSystem.h">
      <Filter>DLL</Filter>
    </ClInclude>
    <ClInclude Include="MemoryPool.h">
      <Filter>Core\MemoryPool</Filter>
    </ClInclude>
    <ClInclude Include="CommonFunc.h" />
    <ClInclude Include="Arsmagna.h" />
  </ItemGroup>
  <ItemGroup>
    <Image Include="small.ico">
      <Filter>리소스 파일</Filter>
    </Image>
  </ItemGroup>
  <ItemGroup>
    <ClCompile Include="main.cpp">
      <Filter>Main</Filter>
    </ClCompile>
    <ClCompile Include="GameObject.cpp">
      <Filter>Contents\GameObject</Filter>
    </ClCompile>
    <ClCompile Include="Application.cpp">
      <Filter>Engine\High Level Interface</Filter>
    </ClCompile>
    <ClCompile Include="Scene.cpp">
      <Filter>Contents\Scene</Filter>
    </ClCompile>
    <ClCompile Include="Component.cpp">
      <Filter>Engine\Component</Filter>
    </ClCompile>
    <ClCompile Include="Math.cpp">
      <Filter>Engine\Common</Filter>
    </ClCompile>
    <ClCompile Include="Entity.cpp">
      <Filter>Engine\Common</Filter>
    </ClCompile>
    <ClCompile Include="Layer.cpp">
      <Filter>Engine\Layer</Filter>
    </ClCompile>
    <ClCompile Include="Time.cpp">
      <Filter>Engine\Time</Filter>
    </ClCompile>
    <ClCompile Include="Input.cpp">
      <Filter>Core\Input</Filter>
    </ClCompile>
    <ClCompile Include="My_Resource.cpp">
      <Filter>Engine\Resource</Filter>
    </ClCompile>
    <ClCompile Include="Resources.cpp">
      <Filter>Engine\Resource</Filter>
    </ClCompile>
    <ClCompile Include="Image.cpp">
      <Filter>Engine\Resource</Filter>
    </ClCompile>
    <ClCompile Include="TitleScene.cpp">
      <Filter>Contents\Scene\TitleScene</Filter>
    </ClCompile>
    <ClCompile Include="Rectangle.cpp">
      <Filter>Contents\GameObject</Filter>
    </ClCompile>
    <ClCompile Include="Animation.cpp">
      <Filter>Engine\Component</Filter>
    </ClCompile>
    <ClCompile Include="Animator.cpp">
      <Filter>Engine\Component</Filter>
    </ClCompile>
    <ClCompile Include="Audio.cpp">
      <Filter>Engine\Component</Filter>
    </ClCompile>
    <ClCompile Include="Collider.cpp">
      <Filter>Engine\Component</Filter>
    </ClCompile>
    <ClCompile Include="SpriteRenderer.cpp">
      <Filter>Engine\Component</Filter>
    </ClCompile>
    <ClCompile Include="Transform.cpp">
      <Filter>Engine\Component</Filter>
    </ClCompile>
    <ClCompile Include="Camera.cpp">
      <Filter>Core</Filter>
    </ClCompile>
    <ClCompile Include="Rigidbody.cpp">
      <Filter>Engine\Component</Filter>
    </ClCompile>
    <ClCompile Include="ColliderManager.cpp">
      <Filter>Engine\Component</Filter>
    </ClCompile>
    <ClCompile Include="ObjectPool.cpp">
      <Filter>Core\ObjectPool</Filter>
    </ClCompile>
    <ClCompile Include="SceneManager.cpp">
      <Filter>Contents\Manager\SceneManager</Filter>
    </ClCompile>
    <ClCompile Include="Script.cpp">
      <Filter>Engine\Component\Script</Filter>
    </ClCompile>
    <ClCompile Include="RBT.cpp">
      <Filter>Core\STL\RedBlackTree</Filter>
    </ClCompile>
    <ClCompile Include="ResourceDeleterThread.cpp">
      <Filter>Thread</Filter>
    </ClCompile>
    <ClCompile Include="Sound.cpp">
      <Filter>Engine\Resource</Filter>
    </ClCompile>
    <ClCompile Include="SoundManager.cpp">
      <Filter>Contents\Manager\SoundManager</Filter>
    </ClCompile>
    <ClCompile Include="Skill.cpp" />
    <ClCompile Include="MemoryPool.cpp">
      <Filter>Core\MemoryPool</Filter>
    </ClCompile>
    <ClCompile Include="CommonFunc.cpp" />
    <ClCompile Include="Arsmagna.cpp" />
  </ItemGroup>
  <ItemGroup>
    <ResourceCompile Include="API.rc">
      <Filter>리소스 파일</Filter>
    </ResourceCompile>
  </ItemGroup>
</Project>